
Microsoft Visual Studio Solution File, Format Version 12.00
# Visual Studio Version 16
VisualStudioVersion = 16.0.29613.14
MinimumVisualStudioVersion = 10.0.40219.1
Project("{FAE04EC0-301F-11D3-BF4B-00C04F79EFBC}") = "SampleImageEditor.UWP", "SampleImageEditor\SampleImageEditor.UWP\SampleImageEditor.UWP.csproj", "{DC147C52-B44B-47E1-9AC2-E9A8A2AAEBFB}"
EndProject
Project("{FAE04EC0-301F-11D3-BF4B-00C04F79EFBC}") = "SampleImageEditor.Android", "SampleImageEditor\SampleImageEditor.Android\SampleImageEditor.Android.csproj", "{BD14671C-7DE9-4F04-B738-0AF3474D7D88}"
EndProject
Project("{FAE04EC0-301F-11D3-BF4B-00C04F79EFBC}") = "SampleImageEditor.iOS", "SampleImageEditor\SampleImageEditor.iOS\SampleImageEditor.iOS.csproj", "{39404766-51F4-409C-B0A6-64DE65B1E7C8}"
EndProject
Project("{9A19103F-16F7-4668-BE54-9A1E7A4F7556}") = "SampleImageEditor", "SampleImageEditor\SampleImageEditor\SampleImageEditor.csproj", "{F5D79298-CBF3-43CD-9D6C-9E4B35607262}"
EndProject
Project("{2150E333-8FDC-42A3-9474-1A3956D46DE8}") = "Sample", "Sample", "{88662E56-B008-4019-9955-D38B532FF00A}"
EndProject
Project("{9A19103F-16F7-4668-BE54-9A1E7A4F7556}") = "BitooBitImageEditor", "BitooBitImageEditor\BitooBitImageEditor.csproj", "{ED478E09-15E7-43AA-A99B-ECEA618971E6}"
EndProject
Project("{FAE04EC0-301F-11D3-BF4B-00C04F79EFBC}") = "BitooBitImageEditor.Droid", "BitooBitImageEditor.Droid\BitooBitImageEditor.Droid.csproj", "{2C552617-A206-4ECE-8DD2-2BBEC41DFB9A}"
EndProject
Project("{FAE04EC0-301F-11D3-BF4B-00C04F79EFBC}") = "BitooBitImageEditor.UWP", "BitooBitImageEditor.UWP\BitooBitImageEditor.UWP.csproj", "{6E26710B-8A53-4520-B370-BDE0A3E6C8AA}"
EndProject
Project("{FAE04EC0-301F-11D3-BF4B-00C04F79EFBC}") = "BitooBitImageEditor.IOS", "BitooBitImageEditor.IOS\BitooBitImageEditor.IOS.csproj", "{5AFB315C-9928-44EC-86B4-F7BE2B96DE6C}"
EndProject
Global
	GlobalSection(SolutionConfigurationPlatforms) = preSolution
		Debug|Any CPU = Debug|Any CPU
		Debug|ARM = Debug|ARM
		Debug|ARM64 = Debug|ARM64
		Debug|iPhone = Debug|iPhone
		Debug|iPhoneSimulator = Debug|iPhoneSimulator
		Debug|x64 = Debug|x64
		Debug|x86 = Debug|x86
		Release|Any CPU = Release|Any CPU
		Release|ARM = Release|ARM
		Release|ARM64 = Release|ARM64
		Release|iPhone = Release|iPhone
		Release|iPhoneSimulator = Release|iPhoneSimulator
		Release|x64 = Release|x64
		Release|x86 = Release|x86
	EndGlobalSection
	GlobalSection(ProjectConfigurationPlatforms) = postSolution
		{DC147C52-B44B-47E1-9AC2-E9A8A2AAEBFB}.Debug|Any CPU.ActiveCfg = Debug|x86
		{DC147C52-B44B-47E1-9AC2-E9A8A2AAEBFB}.Debug|Any CPU.Build.0 = Debug|x86
		{DC147C52-B44B-47E1-9AC2-E9A8A2AAEBFB}.Debug|Any CPU.Deploy.0 = Debug|x86
		{DC147C52-B44B-47E1-9AC2-E9A8A2AAEBFB}.Debug|ARM.ActiveCfg = Debug|ARM
		{DC147C52-B44B-47E1-9AC2-E9A8A2AAEBFB}.Debug|ARM.Build.0 = Debug|ARM
		{DC147C52-B44B-47E1-9AC2-E9A8A2AAEBFB}.Debug|ARM.Deploy.0 = Debug|ARM
		{DC147C52-B44B-47E1-9AC2-E9A8A2AAEBFB}.Debug|ARM64.ActiveCfg = Debug|x86
		{DC147C52-B44B-47E1-9AC2-E9A8A2AAEBFB}.Debug|iPhone.ActiveCfg = Debug|x86
		{DC147C52-B44B-47E1-9AC2-E9A8A2AAEBFB}.Debug|iPhone.Build.0 = Debug|x86
		{DC147C52-B44B-47E1-9AC2-E9A8A2AAEBFB}.Debug|iPhone.Deploy.0 = Debug|x86
		{DC147C52-B44B-47E1-9AC2-E9A8A2AAEBFB}.Debug|iPhoneSimulator.ActiveCfg = Debug|x86
		{DC147C52-B44B-47E1-9AC2-E9A8A2AAEBFB}.Debug|iPhoneSimulator.Build.0 = Debug|x86
		{DC147C52-B44B-47E1-9AC2-E9A8A2AAEBFB}.Debug|iPhoneSimulator.Deploy.0 = Debug|x86
		{DC147C52-B44B-47E1-9AC2-E9A8A2AAEBFB}.Debug|x64.ActiveCfg = Debug|x64
		{DC147C52-B44B-47E1-9AC2-E9A8A2AAEBFB}.Debug|x64.Build.0 = Debug|x64
		{DC147C52-B44B-47E1-9AC2-E9A8A2AAEBFB}.Debug|x64.Deploy.0 = Debug|x64
		{DC147C52-B44B-47E1-9AC2-E9A8A2AAEBFB}.Debug|x86.ActiveCfg = Debug|x86
		{DC147C52-B44B-47E1-9AC2-E9A8A2AAEBFB}.Debug|x86.Build.0 = Debug|x86
		{DC147C52-B44B-47E1-9AC2-E9A8A2AAEBFB}.Debug|x86.Deploy.0 = Debug|x86
		{DC147C52-B44B-47E1-9AC2-E9A8A2AAEBFB}.Release|Any CPU.ActiveCfg = Release|x86
		{DC147C52-B44B-47E1-9AC2-E9A8A2AAEBFB}.Release|Any CPU.Build.0 = Release|x86
		{DC147C52-B44B-47E1-9AC2-E9A8A2AAEBFB}.Release|Any CPU.Deploy.0 = Release|x86
		{DC147C52-B44B-47E1-9AC2-E9A8A2AAEBFB}.Release|ARM.ActiveCfg = Release|ARM
		{DC147C52-B44B-47E1-9AC2-E9A8A2AAEBFB}.Release|ARM.Build.0 = Release|ARM
		{DC147C52-B44B-47E1-9AC2-E9A8A2AAEBFB}.Release|ARM.Deploy.0 = Release|ARM
		{DC147C52-B44B-47E1-9AC2-E9A8A2AAEBFB}.Release|ARM64.ActiveCfg = Release|x86
		{DC147C52-B44B-47E1-9AC2-E9A8A2AAEBFB}.Release|iPhone.ActiveCfg = Release|x86
		{DC147C52-B44B-47E1-9AC2-E9A8A2AAEBFB}.Release|iPhone.Build.0 = Release|x86
		{DC147C52-B44B-47E1-9AC2-E9A8A2AAEBFB}.Release|iPhone.Deploy.0 = Release|x86
		{DC147C52-B44B-47E1-9AC2-E9A8A2AAEBFB}.Release|iPhoneSimulator.ActiveCfg = Release|x86
		{DC147C52-B44B-47E1-9AC2-E9A8A2AAEBFB}.Release|iPhoneSimulator.Build.0 = Release|x86
		{DC147C52-B44B-47E1-9AC2-E9A8A2AAEBFB}.Release|iPhoneSimulator.Deploy.0 = Release|x86
		{DC147C52-B44B-47E1-9AC2-E9A8A2AAEBFB}.Release|x64.ActiveCfg = Release|x64
		{DC147C52-B44B-47E1-9AC2-E9A8A2AAEBFB}.Release|x64.Build.0 = Release|x64
		{DC147C52-B44B-47E1-9AC2-E9A8A2AAEBFB}.Release|x64.Deploy.0 = Release|x64
		{DC147C52-B44B-47E1-9AC2-E9A8A2AAEBFB}.Release|x86.ActiveCfg = Release|x86
		{DC147C52-B44B-47E1-9AC2-E9A8A2AAEBFB}.Release|x86.Build.0 = Release|x86
		{DC147C52-B44B-47E1-9AC2-E9A8A2AAEBFB}.Release|x86.Deploy.0 = Release|x86
		{BD14671C-7DE9-4F04-B738-0AF3474D7D88}.Debug|Any CPU.ActiveCfg = Debug|Any CPU
		{BD14671C-7DE9-4F04-B738-0AF3474D7D88}.Debug|Any CPU.Build.0 = Debug|Any CPU
		{BD14671C-7DE9-4F04-B738-0AF3474D7D88}.Debug|Any CPU.Deploy.0 = Debug|Any CPU
		{BD14671C-7DE9-4F04-B738-0AF3474D7D88}.Debug|ARM.ActiveCfg = Debug|Any CPU
		{BD14671C-7DE9-4F04-B738-0AF3474D7D88}.Debug|ARM.Build.0 = Debug|Any CPU
		{BD14671C-7DE9-4F04-B738-0AF3474D7D88}.Debug|ARM.Deploy.0 = Debug|Any CPU
		{BD14671C-7DE9-4F04-B738-0AF3474D7D88}.Debug|ARM64.ActiveCfg = Debug|Any CPU
		{BD14671C-7DE9-4F04-B738-0AF3474D7D88}.Debug|ARM64.Build.0 = Debug|Any CPU
		{BD14671C-7DE9-4F04-B738-0AF3474D7D88}.Debug|ARM64.Deploy.0 = Debug|Any CPU
		{BD14671C-7DE9-4F04-B738-0AF3474D7D88}.Debug|iPhone.ActiveCfg = Debug|Any CPU
		{BD14671C-7DE9-4F04-B738-0AF3474D7D88}.Debug|iPhone.Build.0 = Debug|Any CPU
		{BD14671C-7DE9-4F04-B738-0AF3474D7D88}.Debug|iPhone.Deploy.0 = Debug|Any CPU
		{BD14671C-7DE9-4F04-B738-0AF3474D7D88}.Debug|iPhoneSimulator.ActiveCfg = Debug|Any CPU
		{BD14671C-7DE9-4F04-B738-0AF3474D7D88}.Debug|iPhoneSimulator.Build.0 = Debug|Any CPU
		{BD14671C-7DE9-4F04-B738-0AF3474D7D88}.Debug|iPhoneSimulator.Deploy.0 = Debug|Any CPU
		{BD14671C-7DE9-4F04-B738-0AF3474D7D88}.Debug|x64.ActiveCfg = Debug|Any CPU
		{BD14671C-7DE9-4F04-B738-0AF3474D7D88}.Debug|x64.Build.0 = Debug|Any CPU
		{BD14671C-7DE9-4F04-B738-0AF3474D7D88}.Debug|x64.Deploy.0 = Debug|Any CPU
		{BD14671C-7DE9-4F04-B738-0AF3474D7D88}.Debug|x86.ActiveCfg = Debug|Any CPU
		{BD14671C-7DE9-4F04-B738-0AF3474D7D88}.Debug|x86.Build.0 = Debug|Any CPU
		{BD14671C-7DE9-4F04-B738-0AF3474D7D88}.Debug|x86.Deploy.0 = Debug|Any CPU
		{BD14671C-7DE9-4F04-B738-0AF3474D7D88}.Release|Any CPU.ActiveCfg = Release|Any CPU
		{BD14671C-7DE9-4F04-B738-0AF3474D7D88}.Release|Any CPU.Build.0 = Release|Any CPU
		{BD14671C-7DE9-4F04-B738-0AF3474D7D88}.Release|Any CPU.Deploy.0 = Release|Any CPU
		{BD14671C-7DE9-4F04-B738-0AF3474D7D88}.Release|ARM.ActiveCfg = Release|Any CPU
		{BD14671C-7DE9-4F04-B738-0AF3474D7D88}.Release|ARM.Build.0 = Release|Any CPU
		{BD14671C-7DE9-4F04-B738-0AF3474D7D88}.Release|ARM.Deploy.0 = Release|Any CPU
		{BD14671C-7DE9-4F04-B738-0AF3474D7D88}.Release|ARM64.ActiveCfg = Release|Any CPU
		{BD14671C-7DE9-4F04-B738-0AF3474D7D88}.Release|ARM64.Build.0 = Release|Any CPU
		{BD14671C-7DE9-4F04-B738-0AF3474D7D88}.Release|ARM64.Deploy.0 = Release|Any CPU
		{BD14671C-7DE9-4F04-B738-0AF3474D7D88}.Release|iPhone.ActiveCfg = Release|Any CPU
		{BD14671C-7DE9-4F04-B738-0AF3474D7D88}.Release|iPhone.Build.0 = Release|Any CPU
		{BD14671C-7DE9-4F04-B738-0AF3474D7D88}.Release|iPhone.Deploy.0 = Release|Any CPU
		{BD14671C-7DE9-4F04-B738-0AF3474D7D88}.Release|iPhoneSimulator.ActiveCfg = Release|Any CPU
		{BD14671C-7DE9-4F04-B738-0AF3474D7D88}.Release|iPhoneSimulator.Build.0 = Release|Any CPU
		{BD14671C-7DE9-4F04-B738-0AF3474D7D88}.Release|iPhoneSimulator.Deploy.0 = Release|Any CPU
		{BD14671C-7DE9-4F04-B738-0AF3474D7D88}.Release|x64.ActiveCfg = Release|Any CPU
		{BD14671C-7DE9-4F04-B738-0AF3474D7D88}.Release|x64.Build.0 = Release|Any CPU
		{BD14671C-7DE9-4F04-B738-0AF3474D7D88}.Release|x64.Deploy.0 = Release|Any CPU
		{BD14671C-7DE9-4F04-B738-0AF3474D7D88}.Release|x86.ActiveCfg = Release|Any CPU
		{BD14671C-7DE9-4F04-B738-0AF3474D7D88}.Release|x86.Build.0 = Release|Any CPU
		{BD14671C-7DE9-4F04-B738-0AF3474D7D88}.Release|x86.Deploy.0 = Release|Any CPU
		{39404766-51F4-409C-B0A6-64DE65B1E7C8}.Debug|Any CPU.ActiveCfg = Debug|iPhone
		{39404766-51F4-409C-B0A6-64DE65B1E7C8}.Debug|Any CPU.Build.0 = Debug|iPhone
		{39404766-51F4-409C-B0A6-64DE65B1E7C8}.Debug|Any CPU.Deploy.0 = Debug|iPhone
		{39404766-51F4-409C-B0A6-64DE65B1E7C8}.Debug|ARM.ActiveCfg = Debug|iPhoneSimulator
		{39404766-51F4-409C-B0A6-64DE65B1E7C8}.Debug|ARM.Build.0 = Debug|iPhoneSimulator
		{39404766-51F4-409C-B0A6-64DE65B1E7C8}.Debug|ARM.Deploy.0 = Debug|iPhoneSimulator
		{39404766-51F4-409C-B0A6-64DE65B1E7C8}.Debug|ARM64.ActiveCfg = Debug|iPhoneSimulator
		{39404766-51F4-409C-B0A6-64DE65B1E7C8}.Debug|iPhone.ActiveCfg = Debug|iPhone
		{39404766-51F4-409C-B0A6-64DE65B1E7C8}.Debug|iPhone.Build.0 = Debug|iPhone
		{39404766-51F4-409C-B0A6-64DE65B1E7C8}.Debug|iPhone.Deploy.0 = Debug|iPhone
		{39404766-51F4-409C-B0A6-64DE65B1E7C8}.Debug|iPhoneSimulator.ActiveCfg = Debug|iPhoneSimulator
		{39404766-51F4-409C-B0A6-64DE65B1E7C8}.Debug|iPhoneSimulator.Build.0 = Debug|iPhoneSimulator
		{39404766-51F4-409C-B0A6-64DE65B1E7C8}.Debug|iPhoneSimulator.Deploy.0 = Debug|iPhoneSimulator
		{39404766-51F4-409C-B0A6-64DE65B1E7C8}.Debug|x64.ActiveCfg = Debug|iPhone
		{39404766-51F4-409C-B0A6-64DE65B1E7C8}.Debug|x64.Build.0 = Debug|iPhone
		{39404766-51F4-409C-B0A6-64DE65B1E7C8}.Debug|x64.Deploy.0 = Debug|iPhone
		{39404766-51F4-409C-B0A6-64DE65B1E7C8}.Debug|x86.ActiveCfg = Debug|iPhone
		{39404766-51F4-409C-B0A6-64DE65B1E7C8}.Debug|x86.Build.0 = Debug|iPhone
		{39404766-51F4-409C-B0A6-64DE65B1E7C8}.Debug|x86.Deploy.0 = Debug|iPhone
		{39404766-51F4-409C-B0A6-64DE65B1E7C8}.Release|Any CPU.ActiveCfg = Release|iPhone
		{39404766-51F4-409C-B0A6-64DE65B1E7C8}.Release|Any CPU.Build.0 = Release|iPhone
		{39404766-51F4-409C-B0A6-64DE65B1E7C8}.Release|Any CPU.Deploy.0 = Release|iPhone
		{39404766-51F4-409C-B0A6-64DE65B1E7C8}.Release|ARM.ActiveCfg = Release|iPhone
		{39404766-51F4-409C-B0A6-64DE65B1E7C8}.Release|ARM.Build.0 = Release|iPhone
		{39404766-51F4-409C-B0A6-64DE65B1E7C8}.Release|ARM.Deploy.0 = Release|iPhone
		{39404766-51F4-409C-B0A6-64DE65B1E7C8}.Release|ARM64.ActiveCfg = Release|iPhoneSimulator
		{39404766-51F4-409C-B0A6-64DE65B1E7C8}.Release|iPhone.ActiveCfg = Release|iPhone
		{39404766-51F4-409C-B0A6-64DE65B1E7C8}.Release|iPhone.Build.0 = Release|iPhone
		{39404766-51F4-409C-B0A6-64DE65B1E7C8}.Release|iPhone.Deploy.0 = Release|iPhone
		{39404766-51F4-409C-B0A6-64DE65B1E7C8}.Release|iPhoneSimulator.ActiveCfg = Release|iPhoneSimulator
		{39404766-51F4-409C-B0A6-64DE65B1E7C8}.Release|iPhoneSimulator.Build.0 = Release|iPhoneSimulator
		{39404766-51F4-409C-B0A6-64DE65B1E7C8}.Release|iPhoneSimulator.Deploy.0 = Release|iPhoneSimulator
		{39404766-51F4-409C-B0A6-64DE65B1E7C8}.Release|x64.ActiveCfg = Release|iPhone
		{39404766-51F4-409C-B0A6-64DE65B1E7C8}.Release|x64.Build.0 = Release|iPhone
		{39404766-51F4-409C-B0A6-64DE65B1E7C8}.Release|x64.Deploy.0 = Release|iPhone
		{39404766-51F4-409C-B0A6-64DE65B1E7C8}.Release|x86.ActiveCfg = Release|iPhone
		{39404766-51F4-409C-B0A6-64DE65B1E7C8}.Release|x86.Build.0 = Release|iPhone
		{39404766-51F4-409C-B0A6-64DE65B1E7C8}.Release|x86.Deploy.0 = Release|iPhone
		{F5D79298-CBF3-43CD-9D6C-9E4B35607262}.Debug|Any CPU.ActiveCfg = Debug|Any CPU
		{F5D79298-CBF3-43CD-9D6C-9E4B35607262}.Debug|Any CPU.Build.0 = Debug|Any CPU
		{F5D79298-CBF3-43CD-9D6C-9E4B35607262}.Debug|Any CPU.Deploy.0 = Debug|Any CPU
		{F5D79298-CBF3-43CD-9D6C-9E4B35607262}.Debug|ARM.ActiveCfg = Debug|Any CPU
		{F5D79298-CBF3-43CD-9D6C-9E4B35607262}.Debug|ARM.Build.0 = Debug|Any CPU
		{F5D79298-CBF3-43CD-9D6C-9E4B35607262}.Debug|ARM.Deploy.0 = Debug|Any CPU
		{F5D79298-CBF3-43CD-9D6C-9E4B35607262}.Debug|ARM64.ActiveCfg = Debug|Any CPU
		{F5D79298-CBF3-43CD-9D6C-9E4B35607262}.Debug|ARM64.Build.0 = Debug|Any CPU
		{F5D79298-CBF3-43CD-9D6C-9E4B35607262}.Debug|iPhone.ActiveCfg = Debug|Any CPU
		{F5D79298-CBF3-43CD-9D6C-9E4B35607262}.Debug|iPhone.Build.0 = Debug|Any CPU
		{F5D79298-CBF3-43CD-9D6C-9E4B35607262}.Debug|iPhone.Deploy.0 = Debug|Any CPU
		{F5D79298-CBF3-43CD-9D6C-9E4B35607262}.Debug|iPhoneSimulator.ActiveCfg = Debug|Any CPU
		{F5D79298-CBF3-43CD-9D6C-9E4B35607262}.Debug|iPhoneSimulator.Build.0 = Debug|Any CPU
		{F5D79298-CBF3-43CD-9D6C-9E4B35607262}.Debug|iPhoneSimulator.Deploy.0 = Debug|Any CPU
		{F5D79298-CBF3-43CD-9D6C-9E4B35607262}.Debug|x64.ActiveCfg = Debug|Any CPU
		{F5D79298-CBF3-43CD-9D6C-9E4B35607262}.Debug|x64.Build.0 = Debug|Any CPU
		{F5D79298-CBF3-43CD-9D6C-9E4B35607262}.Debug|x64.Deploy.0 = Debug|Any CPU
		{F5D79298-CBF3-43CD-9D6C-9E4B35607262}.Debug|x86.ActiveCfg = Debug|Any CPU
		{F5D79298-CBF3-43CD-9D6C-9E4B35607262}.Debug|x86.Build.0 = Debug|Any CPU
		{F5D79298-CBF3-43CD-9D6C-9E4B35607262}.Debug|x86.Deploy.0 = Debug|Any CPU
		{F5D79298-CBF3-43CD-9D6C-9E4B35607262}.Release|Any CPU.ActiveCfg = Release|Any CPU
		{F5D79298-CBF3-43CD-9D6C-9E4B35607262}.Release|Any CPU.Build.0 = Release|Any CPU
		{F5D79298-CBF3-43CD-9D6C-9E4B35607262}.Release|Any CPU.Deploy.0 = Release|Any CPU
		{F5D79298-CBF3-43CD-9D6C-9E4B35607262}.Release|ARM.ActiveCfg = Release|Any CPU
		{F5D79298-CBF3-43CD-9D6C-9E4B35607262}.Release|ARM.Build.0 = Release|Any CPU
		{F5D79298-CBF3-43CD-9D6C-9E4B35607262}.Release|ARM.Deploy.0 = Release|Any CPU
		{F5D79298-CBF3-43CD-9D6C-9E4B35607262}.Release|ARM64.ActiveCfg = Release|Any CPU
		{F5D79298-CBF3-43CD-9D6C-9E4B35607262}.Release|ARM64.Build.0 = Release|Any CPU
		{F5D79298-CBF3-43CD-9D6C-9E4B35607262}.Release|iPhone.ActiveCfg = Release|Any CPU
		{F5D79298-CBF3-43CD-9D6C-9E4B35607262}.Release|iPhone.Build.0 = Release|Any CPU
		{F5D79298-CBF3-43CD-9D6C-9E4B35607262}.Release|iPhone.Deploy.0 = Release|Any CPU
		{F5D79298-CBF3-43CD-9D6C-9E4B35607262}.Release|iPhoneSimulator.ActiveCfg = Release|Any CPU
		{F5D79298-CBF3-43CD-9D6C-9E4B35607262}.Release|iPhoneSimulator.Build.0 = Release|Any CPU
		{F5D79298-CBF3-43CD-9D6C-9E4B35607262}.Release|iPhoneSimulator.Deploy.0 = Release|Any CPU
		{F5D79298-CBF3-43CD-9D6C-9E4B35607262}.Release|x64.ActiveCfg = Release|Any CPU
		{F5D79298-CBF3-43CD-9D6C-9E4B35607262}.Release|x64.Build.0 = Release|Any CPU
		{F5D79298-CBF3-43CD-9D6C-9E4B35607262}.Release|x64.Deploy.0 = Release|Any CPU
		{F5D79298-CBF3-43CD-9D6C-9E4B35607262}.Release|x86.ActiveCfg = Release|Any CPU
		{F5D79298-CBF3-43CD-9D6C-9E4B35607262}.Release|x86.Build.0 = Release|Any CPU
		{F5D79298-CBF3-43CD-9D6C-9E4B35607262}.Release|x86.Deploy.0 = Release|Any CPU
		{ED478E09-15E7-43AA-A99B-ECEA618971E6}.Debug|Any CPU.ActiveCfg = Debug|Any CPU
		{ED478E09-15E7-43AA-A99B-ECEA618971E6}.Debug|Any CPU.Build.0 = Debug|Any CPU
		{ED478E09-15E7-43AA-A99B-ECEA618971E6}.Debug|ARM.ActiveCfg = Debug|Any CPU
		{ED478E09-15E7-43AA-A99B-ECEA618971E6}.Debug|ARM.Build.0 = Debug|Any CPU
		{ED478E09-15E7-43AA-A99B-ECEA618971E6}.Debug|ARM64.ActiveCfg = Debug|Any CPU
		{ED478E09-15E7-43AA-A99B-ECEA618971E6}.Debug|ARM64.Build.0 = Debug|Any CPU
		{ED478E09-15E7-43AA-A99B-ECEA618971E6}.Debug|iPhone.ActiveCfg = Debug|Any CPU
		{ED478E09-15E7-43AA-A99B-ECEA618971E6}.Debug|iPhone.Build.0 = Debug|Any CPU
		{ED478E09-15E7-43AA-A99B-ECEA618971E6}.Debug|iPhoneSimulator.ActiveCfg = Debug|Any CPU
		{ED478E09-15E7-43AA-A99B-ECEA618971E6}.Debug|iPhoneSimulator.Build.0 = Debug|Any CPU
		{ED478E09-15E7-43AA-A99B-ECEA618971E6}.Debug|x64.ActiveCfg = Debug|Any CPU
		{ED478E09-15E7-43AA-A99B-ECEA618971E6}.Debug|x64.Build.0 = Debug|Any CPU
		{ED478E09-15E7-43AA-A99B-ECEA618971E6}.Debug|x86.ActiveCfg = Debug|Any CPU
		{ED478E09-15E7-43AA-A99B-ECEA618971E6}.Debug|x86.Build.0 = Debug|Any CPU
		{ED478E09-15E7-43AA-A99B-ECEA618971E6}.Release|Any CPU.ActiveCfg = Release|Any CPU
		{ED478E09-15E7-43AA-A99B-ECEA618971E6}.Release|Any CPU.Build.0 = Release|Any CPU
		{ED478E09-15E7-43AA-A99B-ECEA618971E6}.Release|ARM.ActiveCfg = Release|Any CPU
		{ED478E09-15E7-43AA-A99B-ECEA618971E6}.Release|ARM.Build.0 = Release|Any CPU
		{ED478E09-15E7-43AA-A99B-ECEA618971E6}.Release|ARM64.ActiveCfg = Release|Any CPU
		{ED478E09-15E7-43AA-A99B-ECEA618971E6}.Release|ARM64.Build.0 = Release|Any CPU
		{ED478E09-15E7-43AA-A99B-ECEA618971E6}.Release|iPhone.ActiveCfg = Release|Any CPU
		{ED478E09-15E7-43AA-A99B-ECEA618971E6}.Release|iPhone.Build.0 = Release|Any CPU
		{ED478E09-15E7-43AA-A99B-ECEA618971E6}.Release|iPhoneSimulator.ActiveCfg = Release|Any CPU
		{ED478E09-15E7-43AA-A99B-ECEA618971E6}.Release|iPhoneSimulator.Build.0 = Release|Any CPU
		{ED478E09-15E7-43AA-A99B-ECEA618971E6}.Release|x64.ActiveCfg = Release|Any CPU
		{ED478E09-15E7-43AA-A99B-ECEA618971E6}.Release|x64.Build.0 = Release|Any CPU
		{ED478E09-15E7-43AA-A99B-ECEA618971E6}.Release|x86.ActiveCfg = Release|Any CPU
		{ED478E09-15E7-43AA-A99B-ECEA618971E6}.Release|x86.Build.0 = Release|Any CPU
		{2C552617-A206-4ECE-8DD2-2BBEC41DFB9A}.Debug|Any CPU.ActiveCfg = Debug|Any CPU
		{2C552617-A206-4ECE-8DD2-2BBEC41DFB9A}.Debug|Any CPU.Build.0 = Debug|Any CPU
		{2C552617-A206-4ECE-8DD2-2BBEC41DFB9A}.Debug|ARM.ActiveCfg = Debug|Any CPU
		{2C552617-A206-4ECE-8DD2-2BBEC41DFB9A}.Debug|ARM.Build.0 = Debug|Any CPU
		{2C552617-A206-4ECE-8DD2-2BBEC41DFB9A}.Debug|ARM64.ActiveCfg = Debug|Any CPU
		{2C552617-A206-4ECE-8DD2-2BBEC41DFB9A}.Debug|ARM64.Build.0 = Debug|Any CPU
		{2C552617-A206-4ECE-8DD2-2BBEC41DFB9A}.Debug|iPhone.ActiveCfg = Debug|Any CPU
		{2C552617-A206-4ECE-8DD2-2BBEC41DFB9A}.Debug|iPhone.Build.0 = Debug|Any CPU
		{2C552617-A206-4ECE-8DD2-2BBEC41DFB9A}.Debug|iPhoneSimulator.ActiveCfg = Debug|Any CPU
		{2C552617-A206-4ECE-8DD2-2BBEC41DFB9A}.Debug|iPhoneSimulator.Build.0 = Debug|Any CPU
		{2C552617-A206-4ECE-8DD2-2BBEC41DFB9A}.Debug|x64.ActiveCfg = Debug|Any CPU
		{2C552617-A206-4ECE-8DD2-2BBEC41DFB9A}.Debug|x64.Build.0 = Debug|Any CPU
		{2C552617-A206-4ECE-8DD2-2BBEC41DFB9A}.Debug|x86.ActiveCfg = Debug|Any CPU
		{2C552617-A206-4ECE-8DD2-2BBEC41DFB9A}.Debug|x86.Build.0 = Debug|Any CPU
		{2C552617-A206-4ECE-8DD2-2BBEC41DFB9A}.Release|Any CPU.ActiveCfg = Release|Any CPU
		{2C552617-A206-4ECE-8DD2-2BBEC41DFB9A}.Release|Any CPU.Build.0 = Release|Any CPU
		{2C552617-A206-4ECE-8DD2-2BBEC41DFB9A}.Release|ARM.ActiveCfg = Release|Any CPU
		{2C552617-A206-4ECE-8DD2-2BBEC41DFB9A}.Release|ARM.Build.0 = Release|Any CPU
		{2C552617-A206-4ECE-8DD2-2BBEC41DFB9A}.Release|ARM64.ActiveCfg = Release|Any CPU
		{2C552617-A206-4ECE-8DD2-2BBEC41DFB9A}.Release|ARM64.Build.0 = Release|Any CPU
		{2C552617-A206-4ECE-8DD2-2BBEC41DFB9A}.Release|iPhone.ActiveCfg = Release|Any CPU
		{2C552617-A206-4ECE-8DD2-2BBEC41DFB9A}.Release|iPhone.Build.0 = Release|Any CPU
		{2C552617-A206-4ECE-8DD2-2BBEC41DFB9A}.Release|iPhoneSimulator.ActiveCfg = Release|Any CPU
		{2C552617-A206-4ECE-8DD2-2BBEC41DFB9A}.Release|iPhoneSimulator.Build.0 = Release|Any CPU
		{2C552617-A206-4ECE-8DD2-2BBEC41DFB9A}.Release|x64.ActiveCfg = Release|Any CPU
		{2C552617-A206-4ECE-8DD2-2BBEC41DFB9A}.Release|x64.Build.0 = Release|Any CPU
		{2C552617-A206-4ECE-8DD2-2BBEC41DFB9A}.Release|x86.ActiveCfg = Release|Any CPU
		{2C552617-A206-4ECE-8DD2-2BBEC41DFB9A}.Release|x86.Build.0 = Release|Any CPU
		{6E26710B-8A53-4520-B370-BDE0A3E6C8AA}.Debug|Any CPU.ActiveCfg = Debug|Any CPU
		{6E26710B-8A53-4520-B370-BDE0A3E6C8AA}.Debug|Any CPU.Build.0 = Debug|Any CPU
		{6E26710B-8A53-4520-B370-BDE0A3E6C8AA}.Debug|ARM.ActiveCfg = Debug|ARM
		{6E26710B-8A53-4520-B370-BDE0A3E6C8AA}.Debug|ARM.Build.0 = Debug|ARM
		{6E26710B-8A53-4520-B370-BDE0A3E6C8AA}.Debug|ARM64.ActiveCfg = Debug|ARM64
		{6E26710B-8A53-4520-B370-BDE0A3E6C8AA}.Debug|ARM64.Build.0 = Debug|ARM64
		{6E26710B-8A53-4520-B370-BDE0A3E6C8AA}.Debug|iPhone.ActiveCfg = Debug|Any CPU
		{6E26710B-8A53-4520-B370-BDE0A3E6C8AA}.Debug|iPhone.Build.0 = Debug|Any CPU
		{6E26710B-8A53-4520-B370-BDE0A3E6C8AA}.Debug|iPhoneSimulator.ActiveCfg = Debug|Any CPU
		{6E26710B-8A53-4520-B370-BDE0A3E6C8AA}.Debug|iPhoneSimulator.Build.0 = Debug|Any CPU
		{6E26710B-8A53-4520-B370-BDE0A3E6C8AA}.Debug|x64.ActiveCfg = Debug|x64
		{6E26710B-8A53-4520-B370-BDE0A3E6C8AA}.Debug|x64.Build.0 = Debug|x64
		{6E26710B-8A53-4520-B370-BDE0A3E6C8AA}.Debug|x86.ActiveCfg = Debug|x86
		{6E26710B-8A53-4520-B370-BDE0A3E6C8AA}.Debug|x86.Build.0 = Debug|x86
		{6E26710B-8A53-4520-B370-BDE0A3E6C8AA}.Release|Any CPU.ActiveCfg = Release|Any CPU
		{6E26710B-8A53-4520-B370-BDE0A3E6C8AA}.Release|Any CPU.Build.0 = Release|Any CPU
		{6E26710B-8A53-4520-B370-BDE0A3E6C8AA}.Release|ARM.ActiveCfg = Release|ARM
		{6E26710B-8A53-4520-B370-BDE0A3E6C8AA}.Release|ARM.Build.0 = Release|ARM
		{6E26710B-8A53-4520-B370-BDE0A3E6C8AA}.Release|ARM64.ActiveCfg = Release|ARM64
		{6E26710B-8A53-4520-B370-BDE0A3E6C8AA}.Release|ARM64.Build.0 = Release|ARM64
		{6E26710B-8A53-4520-B370-BDE0A3E6C8AA}.Release|iPhone.ActiveCfg = Release|Any CPU
		{6E26710B-8A53-4520-B370-BDE0A3E6C8AA}.Release|iPhone.Build.0 = Release|Any CPU
		{6E26710B-8A53-4520-B370-BDE0A3E6C8AA}.Release|iPhoneSimulator.ActiveCfg = Release|Any CPU
		{6E26710B-8A53-4520-B370-BDE0A3E6C8AA}.Release|iPhoneSimulator.Build.0 = Release|Any CPU
		{6E26710B-8A53-4520-B370-BDE0A3E6C8AA}.Release|x64.ActiveCfg = Release|x64
		{6E26710B-8A53-4520-B370-BDE0A3E6C8AA}.Release|x64.Build.0 = Release|x64
		{6E26710B-8A53-4520-B370-BDE0A3E6C8AA}.Release|x86.ActiveCfg = Release|x86
		{6E26710B-8A53-4520-B370-BDE0A3E6C8AA}.Release|x86.Build.0 = Release|x86
		{5AFB315C-9928-44EC-86B4-F7BE2B96DE6C}.Debug|Any CPU.ActiveCfg = Debug|Any CPU
		{5AFB315C-9928-44EC-86B4-F7BE2B96DE6C}.Debug|Any CPU.Build.0 = Debug|Any CPU
		{5AFB315C-9928-44EC-86B4-F7BE2B96DE6C}.Debug|ARM.ActiveCfg = Debug|Any CPU
		{5AFB315C-9928-44EC-86B4-F7BE2B96DE6C}.Debug|ARM.Build.0 = Debug|Any CPU
		{5AFB315C-9928-44EC-86B4-F7BE2B96DE6C}.Debug|ARM64.ActiveCfg = Debug|Any CPU
		{5AFB315C-9928-44EC-86B4-F7BE2B96DE6C}.Debug|ARM64.Build.0 = Debug|Any CPU
		{5AFB315C-9928-44EC-86B4-F7BE2B96DE6C}.Debug|iPhone.ActiveCfg = Debug|Any CPU
		{5AFB315C-9928-44EC-86B4-F7BE2B96DE6C}.Debug|iPhone.Build.0 = Debug|Any CPU
		{5AFB315C-9928-44EC-86B4-F7BE2B96DE6C}.Debug|iPhoneSimulator.ActiveCfg = Debug|Any CPU
		{5AFB315C-9928-44EC-86B4-F7BE2B96DE6C}.Debug|iPhoneSimulator.Build.0 = Debug|Any CPU
		{5AFB315C-9928-44EC-86B4-F7BE2B96DE6C}.Debug|x64.ActiveCfg = Debug|Any CPU
		{5AFB315C-9928-44EC-86B4-F7BE2B96DE6C}.Debug|x64.Build.0 = Debug|Any CPU
		{5AFB315C-9928-44EC-86B4-F7BE2B96DE6C}.Debug|x86.ActiveCfg = Debug|Any CPU
		{5AFB315C-9928-44EC-86B4-F7BE2B96DE6C}.Debug|x86.Build.0 = Debug|Any CPU
		{5AFB315C-9928-44EC-86B4-F7BE2B96DE6C}.Release|Any CPU.ActiveCfg = Release|Any CPU
		{5AFB315C-9928-44EC-86B4-F7BE2B96DE6C}.Release|Any CPU.Build.0 = Release|Any CPU
		{5AFB315C-9928-44EC-86B4-F7BE2B96DE6C}.Release|ARM.ActiveCfg = Release|Any CPU
		{5AFB315C-9928-44EC-86B4-F7BE2B96DE6C}.Release|ARM.Build.0 = Release|Any CPU
		{5AFB315C-9928-44EC-86B4-F7BE2B96DE6C}.Release|ARM64.ActiveCfg = Release|Any CPU
		{5AFB315C-9928-44EC-86B4-F7BE2B96DE6C}.Release|ARM64.Build.0 = Release|Any CPU
		{5AFB315C-9928-44EC-86B4-F7BE2B96DE6C}.Release|iPhone.ActiveCfg = Release|Any CPU
		{5AFB315C-9928-44EC-86B4-F7BE2B96DE6C}.Release|iPhone.Build.0 = Release|Any CPU
		{5AFB315C-9928-44EC-86B4-F7BE2B96DE6C}.Release|iPhoneSimulator.ActiveCfg = Release|Any CPU
		{5AFB315C-9928-44EC-86B4-F7BE2B96DE6C}.Release|iPhoneSimulator.Build.0 = Release|Any CPU
		{5AFB315C-9928-44EC-86B4-F7BE2B96DE6C}.Release|x64.ActiveCfg = Release|Any CPU
		{5AFB315C-9928-44EC-86B4-F7BE2B96DE6C}.Release|x64.Build.0 = Release|Any CPU
		{5AFB315C-9928-44EC-86B4-F7BE2B96DE6C}.Release|x86.ActiveCfg = Release|Any CPU
		{5AFB315C-9928-44EC-86B4-F7BE2B96DE6C}.Release|x86.Build.0 = Release|Any CPU
	EndGlobalSection
	GlobalSection(SolutionProperties) = preSolution
		HideSolutionNode = FALSE
	EndGlobalSection
	GlobalSection(NestedProjects) = preSolution
		{DC147C52-B44B-47E1-9AC2-E9A8A2AAEBFB} = {88662E56-B008-4019-9955-D38B532FF00A}
		{BD14671C-7DE9-4F04-B738-0AF3474D7D88} = {88662E56-B008-4019-9955-D38B532FF00A}
		{39404766-51F4-409C-B0A6-64DE65B1E7C8} = {88662E56-B008-4019-9955-D38B532FF00A}
		{F5D79298-CBF3-43CD-9D6C-9E4B35607262} = {88662E56-B008-4019-9955-D38B532FF00A}
	EndGlobalSection
	GlobalSection(ExtensibilityGlobals) = postSolution
		SolutionGuid = {90C33C2E-6D13-4BD1-B95C-E59825ED6D7C}
	EndGlobalSection
EndGlobal
